# THIS IS AN AUTOGENERATED FILE. DO NOT EDIT THIS FILE DIRECTLY.
# yarn lockfile v1


"@borewit/text-codec@^0.2.1", "@borewit/text-codec@^0.2.2":
  version "0.2.2"
  resolved "https://registry.yarnpkg.com/@borewit/text-codec/-/text-codec-0.2.2.tgz#75025f735c0983b3a871668804a57387e3649375"
  integrity sha512-DDaRehssg1aNrH4+2hnj1B7vnUGEjU6OIlyRdkMd0aUdIUvKXrJfXsy8LVtXAy7DRvYVluWbMspsRhz2lcW0mQ==

"@cacheable/memory@^2.0.8":
  version "2.0.9"
  resolved "https://registry.yarnpkg.com/@cacheable/memory/-/memory-2.0.9.tgz#22168cd7781df081ac0b3569bfbe7b4fc2c4cecd"
  integrity sha512-HdMx6DoGywB30vacDbBsITbIX4pgFqj1zsrV58jZBUw3klzkNoXhj7qOqAgledhxG7YZI5rBSJg7Zp8/VG0DuA==
  dependencies:
    "@cacheable/utils" "^2.4.1"
    "@keyv/bigmap" "^1.3.1"
    hookified "^1.15.1"
    keyv "^5.6.0"

"@cacheable/node-cache@^1.4.0":
  version "1.7.6"
  resolved "https://registry.yarnpkg.com/@cacheable/node-cache/-/node-cache-1.7.6.tgz#644dda122b53c199fce81a14b5854b32dc7a58e2"
  integrity sha512-6Omk2SgNnjtxB5f/E6bTIWIt5xhdpx39fGNRQgU9lojvRxU68v+qY+SXXLsp3ZGukqoPjsK21wZ6XABFr/Ge3A==
  dependencies:
    cacheable "^2.3.1"
    hookified "^1.14.0"
    keyv "^5.5.5"

"@cacheable/utils@^2.4.1":
  version "2.4.1"
  resolved "https://registry.yarnpkg.com/@cacheable/utils/-/utils-2.4.1.tgz#614ab46e4e2adf94785d8adaadbf40873d0eb12d"
  integrity sha512-eiFgzCbIneyMlLOmNG4g9xzF7Hv3Mga4LjxjcSC/ues6VYq2+gUbQI8JqNuw/ZM8tJIeIaBGpswAsqV2V7ApgA==
  dependencies:
    hashery "^1.5.1"
    keyv "^5.6.0"

"@esbuild/aix-ppc64@0.28.0":
  version "0.28.0"
  resolved "https://registry.yarnpkg.com/@esbuild/aix-ppc64/-/aix-ppc64-0.28.0.tgz#7a289c158e29cbf59ea0afc83cc80f06d1c89402"
  integrity sha512-lhRUCeuOyJQURhTxl4WkpFTjIsbDayJHih5kZC1giwE+MhIzAb7mEsQMqMf18rHLsrb5qI1tafG20mLxEWcWlA==

"@esbuild/android-arm64@0.28.0":
  version "0.28.0"
  resolved "https://registry.yarnpkg.com/@esbuild/android-arm64/-/android-arm64-0.28.0.tgz#b8828d9edfa3a92660644eb8de6e4f3c203d7b17"
  integrity sha512-+WzIXQOSaGs33tLEgYPYe/yQHf0WTU0X42Jca3y8NWMbUVhp7rUnw+vAsRC/QiDrdD31IszMrZy+qwPOPjd+rw==

"@esbuild/android-arm@0.28.0":
  version "0.28.0"
  resolved "https://registry.yarnpkg.com/@esbuild/android-arm/-/android-arm-0.28.0.tgz#5ec1847605e05b5dbe5df90db9ff7e3e4c58dca7"
  integrity sha512-wqh0ByljabXLKHeWXYLqoJ5jKC4XBaw6Hk08OfMrCRd2nP2ZQ5eleDZC41XHyCNgktBGYMbqnrJKq/K/lzPMSQ==

"@esbuild/android-x64@0.28.0":
  version "0.28.0"
  resolved "https://registry.yarnpkg.com/@esbuild/android-x64/-/android-x64-0.28.0.tgz#390642175b88ef82bad4cce03f8ab13fe9b1912e"
  integrity sha512-+VJggoaKhk2VNNqVL7f6S189UzShHC/mR9EE8rDdSkdpN0KflSwWY/gWjDrNxxisg8Fp1ZCD9jLMo4m0OUfeUA==

"@esbuild/darwin-arm64@0.28.0":
  version "0.28.0"
  resolved "https://registry.yarnpkg.com/@esbuild/darwin-arm64/-/darwin-arm64-0.28.0.tgz#ae45325960d5950cd6951e4f97396f4e1ff7d8d3"
  integrity sha512-0T+A9WZm+bZ84nZBtk1ckYsOvyA3x7e2Acj1KdVfV4/2tdG4fzUp91YHx+GArWLtwqp77pBXVCPn2We7Letr0Q==

"@esbuild/darwin-x64@0.28.0":
  version "0.28.0"
  resolved "https://registry.yarnpkg.com/@esbuild/darwin-x64/-/darwin-x64-0.28.0.tgz#c079247d589b6b99449659d94f06951b84bff2e4"
  integrity sha512-fyzLm/DLDl/84OCfp2f/XQ4flmORsjU7VKt8HLjvIXChJoFFOIL6pLJPH4Yhd1n1gGFF9mPwtlN5Wf82DZs+LQ==

"@esbuild/freebsd-arm64@0.28.0":
  version "0.28.0"
  resolved "https://registry.yarnpkg.com/@esbuild/freebsd-arm64/-/freebsd-arm64-0.28.0.tgz#45c456215a486593c94900297202dc11c880a37a"
  integrity sha512-l9GeW5UZBT9k9brBYI+0WDffcRxgHQD8ShN2Ur4xWq/NFzUKm3k5lsH4PdaRgb2w7mI9u61nr2gI2mLI27Nh3Q==

"@esbuild/freebsd-x64@0.28.0":
  version "0.28.0"
  resolved "https://registry.yarnpkg.com/@esbuild/freebsd-x64/-/freebsd-x64-0.28.0.tgz#0399494c1c85e4388e9b7040bd60d48f2a5b0d2c"
  integrity sha512-BXoQai/A0wPO6Es3yFJ7APCiKGc1tdAEOgeTNy3SsB491S3aHn4S4r3e976eUnPdU+NbdtmBuLncYir2tMU9Nw==

"@esbuild/linux-arm64@0.28.0":
  version "0.28.0"
  resolved "https://registry.yarnpkg.com/@esbuild/linux-arm64/-/linux-arm64-0.28.0.tgz#d6d9f09ef0de54116bf459a4d53cac7e0952fe39"
  integrity sha512-RVyzfb3FWsGA55n6WY0MEIEPURL1FcbhFE6BffZEMEekfCzCIMtB5yyDcFnVbTnwk+CLAgTujmV/Lgvih56W+A==

"@esbuild/linux-arm@0.28.0":
  version "0.28.0"
  resolved "https://registry.yarnpkg.com/@esbuild/linux-arm/-/linux-arm-0.28.0.tgz#7b42ffa84c288ae94fdc431c1b28a89e3c3b9278"
  integrity sha512-CjaaREJagqJp7iTaNQjjidaNbCKYcd4IDkzbwwxtSvjI7NZm79qiHc8HqciMddQ6CKvJT6aBd8lO9kN/ZudLlw==

"@esbuild/linux-ia32@0.28.0":
  version "0.28.0"
  resolved "https://registry.yarnpkg.com/@esbuild/linux-ia32/-/linux-ia32-0.28.0.tgz#deb15d112ed8dd605346b6b953d23a21ff81253f"
  integrity sha512-KBnSTt1kxl9x70q+ydterVdl+Cn0H18ngRMRCEQfrbqdUuntQQ0LoMZv47uB97NljZFzY6HcfqEZ2SAyIUTQBQ==

"@esbuild/linux-loong64@0.28.0":
  version "0.28.0"
  resolved "https://registry.yarnpkg.com/@esbuild/linux-loong64/-/linux-loong64-0.28.0.tgz#81fb89d07eecc79b157dea61033757726fce0ca4"
  integrity sha512-zpSlUce1mnxzgBADvxKXX5sl8aYQHo2ezvMNI8I0lbblJtp8V4odlm3Yzlj7gPyt3T8ReksE6bK+pT3WD+aJRg==

"@esbuild/linux-mips64el@0.28.0":
  version "0.28.0"
  resolved "https://registry.yarnpkg.com/@esbuild/linux-mips64el/-/linux-mips64el-0.28.0.tgz#d0e42691b3ff7af9fb2217b70fc01f343bdb62bb"
  integrity sha512-2jIfP6mmjkdmeTlsX/9vmdmhBmKADrWqN7zcdtHIeNSCH1SqIoNI63cYsjQR8J+wGa4Y5izRcSHSm8K3QWmk3w==

"@esbuild/linux-ppc64@0.28.0":
  version "0.28.0"
  resolved "https://registry.yarnpkg.com/@esbuild/linux-ppc64/-/linux-ppc64-0.28.0.tgz#389f3e5e98f17d477c467cc87136e1a076eead87"
  integrity sha512-bc0FE9wWeC0WBm49IQMPSPILRocGTQt3j5KPCA8os6VprfuJ7KD+5PzESSrJ6GmPIPJK965ZJHTUlSA6GNYEhg==

"@esbuild/linux-riscv64@0.28.0":
  version "0.28.0"
  resolved "https://registry.yarnpkg.com/@esbuild/linux-riscv64/-/linux-riscv64-0.28.0.tgz#763bd60d59b242be12da1e67d5729f3024c605fa"
  integrity sha512-SQPZOwoTTT/HXFXQJG/vBX8sOFagGqvZyXcgLA3NhIqcBv1BJU1d46c0rGcrij2B56Z2rNiSLaZOYW5cUk7yLQ==

"@esbuild/linux-s390x@0.28.0":
  version "0.28.0"
  resolved "https://registry.yarnpkg.com/@esbuild/linux-s390x/-/linux-s390x-0.28.0.tgz#aac6061634872e4677de693bce8030d73b1fd055"
  integrity sha512-SCfR0HN8CEEjnYnySJTd2cw0k9OHB/YFzt5zgJEwa+wL/T/raGWYMBqwDNAC6dqFKmJYZoQBRfHjgwLHGSrn3Q==

"@esbuild/linux-x64@0.28.0":
  version "0.28.0"
  resolved "https://registry.yarnpkg.com/@esbuild/linux-x64/-/linux-x64-0.28.0.tgz#4f2917747188fe77632bcec65b2d84b422419779"
  integrity sha512-us0dSb9iFxIi8srnpl931Nvs65it/Jd2a2K3qs7fz2WfGPHqzfzZTfec7oxZJRNPXPnNYZtanmRc4AL/JwVzHQ==

"@esbuild/netbsd-arm64@0.28.0":
  version "0.28.0"
  resolved "https://registry.yarnpkg.com/@esbuild/netbsd-arm64/-/netbsd-arm64-0.28.0.tgz#814df0ae57a0c386814491b8397eeba82094a947"
  integrity sha512-CR/RYotgtCKwtftMwJlUU7xCVNg3lMYZ0RzTmAHSfLCXw3NtZtNpswLEj/Kkf6kEL3Gw+BpOekRX0BYCtklhUw==

"@esbuild/netbsd-x64@0.28.0":
  version "0.28.0"
  resolved "https://registry.yarnpkg.com/@esbuild/netbsd-x64/-/netbsd-x64-0.28.0.tgz#e01bdf7e60fa1a08e46d46d960b0d9bb8ac210af"
  integrity sha512-nU1yhmYutL+fQ71Kxnhg8uEOdC0pwEW9entHykTgEbna2pw2dkbFSMeqjjyHZoCmt8SBkOSvV+yNmm94aUrrqw==

"@esbuild/openbsd-arm64@0.28.0":
  version "0.28.0"
  resolved "https://registry.yarnpkg.com/@esbuild/openbsd-arm64/-/openbsd-arm64-0.28.0.tgz#4a15c36aacca68d2d5a4c90b710c06759f4c1ffa"
  integrity sha512-cXb5vApOsRsxsEl4mcZ1XY3D4DzcoMxR/nnc4IyqYs0rTI8ZKmW6kyyg+11Z8yvgMfAEldKzP7AdP64HnSC/6g==

"@esbuild/openbsd-x64@0.28.0":
  version "0.28.0"
  resolved "https://registry.yarnpkg.com/@esbuild/openbsd-x64/-/openbsd-x64-0.28.0.tgz#475e6101498a8ecce3008d7c388111d7a27c17bd"
  integrity sha512-8wZM2qqtv9UP3mzy7HiGYNH/zjTA355mpeuA+859TyR+e+Tc08IHYpLJuMsfpDJwoLo1ikIJI8jC3GFjnRClzA==

"@esbuild/openharmony-arm64@0.28.0":
  version "0.28.0"
  resolved "https://registry.yarnpkg.com/@esbuild/openharmony-arm64/-/openharmony-arm64-0.28.0.tgz#cfdc3957f0b7a69f1bde129aad17fcc2f6fa033e"
  integrity sha512-FLGfyizszcef5C3YtoyQDACyg95+dndv79i2EekILBofh5wpCa1KuBqOWKrEHZg3zrL3t5ouE5jgr94vA+Wb2w==

"@esbuild/sunos-x64@0.28.0":
  version "0.28.0"
  resolved "https://registry.yarnpkg.com/@esbuild/sunos-x64/-/sunos-x64-0.28.0.tgz#a013c856fecacd1c3aec985c8afe1d1cb017497d"
  integrity sha512-1ZgjUoEdHZZl/YlV76TSCz9Hqj9h9YmMGAgAPYd+q4SicWNX3G5GCyx9uhQWSLcbvPW8Ni7lj4gDa1T40akdlw==

"@esbuild/win32-arm64@0.28.0":
  version "0.28.0"
  resolved "https://registry.yarnpkg.com/@esbuild/win32-arm64/-/win32-arm64-0.28.0.tgz#eae05e0f35271cad3898b43168d3e9a3bbaf47e5"
  integrity sha512-Q9StnDmQ/enxnpxCCLSg0oo4+34B9TdXpuyPeTedN/6+iXBJ4J+zwfQI28u/Jl40nOYAxGoNi7mFP40RUtkmUA==

"@esbuild/win32-ia32@0.28.0":
  version "0.28.0"
  resolved "https://registry.yarnpkg.com/@esbuild/win32-ia32/-/win32-ia32-0.28.0.tgz#06161ebc5bf75c08d69feb3c6b22560515913998"
  integrity sha512-zF3ag/gfiCe6U2iczcRzSYJKH1DCI+ByzSENHlM2FcDbEeo5Zd2C86Aq0tKUYAJJ1obRP84ymxIAksZUcdztHA==

"@esbuild/win32-x64@0.28.0":
  version "0.28.0"
  resolved "https://registry.yarnpkg.com/@esbuild/win32-x64/-/win32-x64-0.28.0.tgz#04d90d5752b4ce65d2b6ac25eba08ff7624fe07c"
  integrity sha512-pEl1bO9mfAmIC+tW5btTmrKaujg3zGtUmWNdCw/xs70FBjwAL3o9OEKNHvNmnyylD6ubxUERiEhdsL0xBQ9efw==

"@hapi/boom@^10.0.1":
  version "10.0.1"
  resolved "https://registry.yarnpkg.com/@hapi/boom/-/boom-10.0.1.tgz#ebb14688275ae150aa6af788dbe482e6a6062685"
  integrity sha512-ERcCZaEjdH3OgSJlyjVk8pHIFeus91CjKP3v+MpgBNp5IvGzP2l/bRiD78nqYcKPaZdbKkK5vDBVPd2ohHBlsA==
  dependencies:
    "@hapi/hoek" "^11.0.2"

"@hapi/boom@^9.1.3":
  version "9.1.4"
  resolved "https://registry.yarnpkg.com/@hapi/boom/-/boom-9.1.4.tgz#1f9dad367c6a7da9f8def24b4a986fc5a7bd9db6"
  integrity sha512-Ls1oH8jaN1vNsqcaHVYJrKmgMcKsC1wcp8bujvXrHaAqD2iDYq3HoOwsxwo09Cuda5R5nC0o0IxlrlTuvPuzSw==
  dependencies:
    "@hapi/hoek" "9.x.x"

"@hapi/hoek@9.x.x":
  version "9.3.0"
  resolved "https://registry.yarnpkg.com/@hapi/hoek/-/hoek-9.3.0.tgz#8368869dcb735be2e7f5cb7647de78e167a251fb"
  integrity sha512-/c6rf4UJlmHlC9b5BaNvzAcFv7HZ2QHaV0D4/HNlBdvFnvQq8RI4kYdhyPCl7Xj+oWvTWQ8ujhqS53LIgAe6KQ==

"@hapi/hoek@^11.0.2":
  version "11.0.7"
  resolved "https://registry.yarnpkg.com/@hapi/hoek/-/hoek-11.0.7.tgz#56a920793e0a42d10e530da9a64cc0d3919c4002"
  integrity sha512-HV5undWkKzcB4RZUusqOpcgxOaq6VOAH7zhhIr2g3G8NF/MlFO75SjOr2NfuSx0Mh40+1FqCkagKLJRykUWoFQ==

"@keyv/bigmap@^1.3.1":
  version "1.3.1"
  resolved "https://registry.yarnpkg.com/@keyv/bigmap/-/bigmap-1.3.1.tgz#fc82fa83947e7ff68c6798d08907db842771ef2c"
  integrity sha512-WbzE9sdmQtKy8vrNPa9BRnwZh5UF4s1KTmSK0KUVLo3eff5BlQNNWDnFOouNpKfPKDnms9xynJjsMYjMaT/aFQ==
  dependencies:
    hashery "^1.4.0"
    hookified "^1.15.0"

"@keyv/serialize@^1.1.1":
  version "1.1.1"
  resolved "https://registry.yarnpkg.com/@keyv/serialize/-/serialize-1.1.1.tgz#0c01dd3a3483882af7cf3878d4e71d505c81fc4a"
  integrity sha512-dXn3FZhPv0US+7dtJsIi2R+c7qWYiReoEh5zUntWCf4oSpMNib8FDhSoed6m3QyZdx5hK7iLFkYk3rNxwt8vTA==

"@pinojs/redact@^0.4.0":
  version "0.4.0"
  resolved "https://registry.yarnpkg.com/@pinojs/redact/-/redact-0.4.0.tgz#c3de060dd12640dcc838516aa2a6803cc7b2e9d6"
  integrity sha512-k2ENnmBugE/rzQfEcdWHcCY+/FM3VLzH9cYEsbdsoqrvzAKRhUZeRNhAZvB8OitQJ1TBed3yqWtdjzS6wJKBwg==

"@protobufjs/aspromise@^1.1.1", "@protobufjs/aspromise@^1.1.2":
  version "1.1.2"
  resolved "https://registry.yarnpkg.com/@protobufjs/aspromise/-/aspromise-1.1.2.tgz#9b8b0cc663d669a7d8f6f5d0893a14d348f30fbf"
  integrity sha512-j+gKExEuLmKwvz3OgROXtrJ2UG2x8Ch2YZUxahh+s1F2HZ+wAceUNLkvy6zKCPVRkU++ZWQrdxsUeQXmcg4uoQ==

"@protobufjs/base64@^1.1.2":
  version "1.1.2"
  resolved "https://registry.yarnpkg.com/@protobufjs/base64/-/base64-1.1.2.tgz#4c85730e59b9a1f1f349047dbf24296034bb2735"
  integrity sha512-AZkcAA5vnN/v4PDqKyMR5lx7hZttPDgClv83E//FMNhR2TMcLUhfRUBHCmSl0oi9zMgDDqRUJkSxO3wm85+XLg==

"@protobufjs/codegen@^2.0.5":
  version "2.0.5"
  resolved "https://registry.yarnpkg.com/@protobufjs/codegen/-/codegen-2.0.5.tgz#d9315ad7cf3f30aac70bda3c068443dc6f143659"
  integrity sha512-zgXFLzW3Ap33e6d0Wlj4MGIm6Ce8O89n/apUaGNB/jx+hw+ruWEp7EwGUshdLKVRCxZW12fp9r40E1mQrf/34g==

"@protobufjs/eventemitter@^1.1.1":
  version "1.1.1"
  resolved "https://registry.yarnpkg.com/@protobufjs/eventemitter/-/eventemitter-1.1.1.tgz#d512cb26c0ae026091ee2c1167f1be6faf5c842a"
  integrity sha512-vW1GmwMZNnL+gMRaovlh9yZX74kc+TTU3FObkkurpMaRtBfLP3ldjS9KQWlwZgraRE0+dheEEoAxdzcJQ8eXZg==

"@protobufjs/fetch@^1.1.1":
  version "1.1.1"
  resolved "https://registry.yarnpkg.com/@protobufjs/fetch/-/fetch-1.1.1.tgz#4d6fc00c8fb64016a5c81b469d549046350f1065"
  integrity sha512-GpptLrs57adMSuHi3VNj0mAF8dwh36LMaYF6XyJ6JMWlVsc+t42tm1HSEDmOs3A8fC9yyeisgLhsTVQokOZ0zw==
  dependencies:
    "@protobufjs/aspromise" "^1.1.1"

"@protobufjs/float@^1.0.2":
  version "1.0.2"
  resolved "https://registry.yarnpkg.com/@protobufjs/float/-/float-1.0.2.tgz#5e9e1abdcb73fc0a7cb8b291df78c8cbd97b87d1"
  integrity sha512-Ddb+kVXlXst9d+R9PfTIxh1EdNkgoRe5tOX6t01f1lYWOvJnSPDBlG241QLzcyPdoNTsblLUdujGSE4RzrTZGQ==

"@protobufjs/inquire@^1.1.2":
  version "1.1.2"
  resolved "https://registry.yarnpkg.com/@protobufjs/inquire/-/inquire-1.1.2.tgz#ae64fbc014ff44c8bfad03dd4c93cd2d6a4c82db"
  integrity sha512-pa0vFRuws4wkvaXKK1uXZMAwAX4/t8ANaJo45iw/oQHNQ9q5xUzwgFmVJGXiga2BeN+zpX7Vf9vmsiIa2J+MUw==

"@protobufjs/path@^1.1.2":
  version "1.1.2"
  resolved "https://registry.yarnpkg.com/@protobufjs/path/-/path-1.1.2.tgz#6cc2b20c5c9ad6ad0dccfd21ca7673d8d7fbf68d"
  integrity sha512-6JOcJ5Tm08dOHAbdR3GrvP+yUUfkjG5ePsHYczMFLq3ZmMkAD98cDgcT2iA1lJ9NVwFd4tH/iSSoe44YWkltEA==

"@protobufjs/pool@^1.1.0":
  version "1.1.0"
  resolved "https://registry.yarnpkg.com/@protobufjs/pool/-/pool-1.1.0.tgz#09fd15f2d6d3abfa9b65bc366506d6ad7846ff54"
  integrity sha512-0kELaGSIDBKvcgS4zkjz1PeddatrjYcmMWOlAuAPwAeccUrPHdUqo/J6LiymHHEiJT5NrF1UVwxY14f+fy4WQw==

"@protobufjs/utf8@^1.1.1":
  version "1.1.1"
  resolved "https://registry.yarnpkg.com/@protobufjs/utf8/-/utf8-1.1.1.tgz#eaee5900122c110a3dbcb728c0597014a2621774"
  integrity sha512-oOAWABowe8EAbMyWKM0tYDKi8Yaox52D+HWZhAIJqQXbqe0xI/GV7FhLWqlEKreMkfDjshR5FKgi3mnle0h6Eg==

"@tokenizer/inflate@^0.4.1":
  version "0.4.1"
  resolved "https://registry.yarnpkg.com/@tokenizer/inflate/-/inflate-0.4.1.tgz#fa6cdb8366151b3cc8426bf9755c1ea03a2fba08"
  integrity sha512-2mAv+8pkG6GIZiF1kNg1jAjh27IDxEPKwdGul3snfztFerfPGI1LjDezZp3i7BElXompqEtPmoPx6c2wgtWsOA==
  dependencies:
    debug "^4.4.3"
    token-types "^6.1.1"

"@tokenizer/token@^0.3.0":
  version "0.3.0"
  resolved "https://registry.yarnpkg.com/@tokenizer/token/-/token-0.3.0.tgz#fe98a93fe789247e998c75e74e9c7c63217aa276"
  integrity sha512-OvjF+z51L3ov0OyAU0duzsYuvO01PH7x4t6DJx+guahgTnBHkhJdG7soQeTSFLWN3efnHyibZ4Z8l2EuWwJN3A==

"@types/node@>=13.7.0":
  version "25.9.1"
  resolved "https://registry.yarnpkg.com/@types/node/-/node-25.9.1.tgz#3bda556db500ae4319c08e7fc9ab94f19013ba0b"
  integrity sha512-xfrlY7UD5rMJk3ZVJP8BNzS28J36YJg+xp+LPXV1TdWxr8uMH5A860QNxYDGQe/ylDSgjxE52Q9VnO7p75tJxg==
  dependencies:
    undici-types ">=7.24.0 <7.24.7"

"@types/node@^22.10.2":
  version "22.19.19"
  resolved "https://registry.yarnpkg.com/@types/node/-/node-22.19.19.tgz#3124bf26ded54168b768138321fef99b420c6112"
  integrity sha512-dyh/xO2Fh5bYrfWaaqGrRQQGkNdmYw6AmaAUvYeUMNTWQtvb796ikLdmTchRmOlOiIJ1TDXfWgVx1QkUlQ6Hew==
  dependencies:
    undici-types "~6.21.0"

"@types/qrcode-terminal@^0.12.2":
  version "0.12.2"
  resolved "https://registry.yarnpkg.com/@types/qrcode-terminal/-/qrcode-terminal-0.12.2.tgz#8d7de3aa41f2d3c724bbc74a157ef3209abf8c75"
  integrity sha512-v+RcIEJ+Uhd6ygSQ0u5YYY7ZM+la7GgPbs0V/7l/kFs2uO4S8BcIUEMoP7za4DNIqNnUD5npf0A/7kBhrCKG5Q==

"@whiskeysockets/baileys@7.0.0-rc13":
  version "7.0.0-rc13"
  resolved "https://registry.yarnpkg.com/@whiskeysockets/baileys/-/baileys-7.0.0-rc13.tgz#0d014b05a3aaf461071832066734158e3cec4be8"
  integrity sha512-8JPc8gaaCRykkjW2jxLGQ7/RZGrc7awO7WU+QJocf58eSUI9jAdcuYLynzhAbyU4UWvJJsHImZ+5E/JaZj5ypA==
  dependencies:
    "@cacheable/node-cache" "^1.4.0"
    "@hapi/boom" "^9.1.3"
    async-mutex "^0.5.0"
    libsignal "^6.0.0"
    lru-cache "^11.1.0"
    music-metadata "^11.12.3"
    p-queue "^9.0.0"
    pino "^9.6"
    protobufjs "^7.5.6"
    whatsapp-rust-bridge "0.5.4"
    ws "^8.13.0"

agent-base@6:
  version "6.0.2"
  resolved "https://registry.yarnpkg.com/agent-base/-/agent-base-6.0.2.tgz#49fff58577cfee3f37176feab4c22e00f86d7f77"
  integrity sha512-RZNwNclF7+MS/8bDg70amg32dyeZGZxiDuQmZxKLAlQjr3jGyLx+4Kkk58UO7D2QdgFIQCovuSuZESne6RG6XQ==
  dependencies:
    debug "4"

async-mutex@^0.5.0:
  version "0.5.0"
  resolved "https://registry.yarnpkg.com/async-mutex/-/async-mutex-0.5.0.tgz#353c69a0b9e75250971a64ac203b0ebfddd75482"
  integrity sha512-1A94B18jkJ3DYq284ohPxoXbfTA5HsQ7/Mf4DEhcyLx3Bz27Rh59iScbB6EPiP+B+joue6YCxcMXSbFC1tZKwA==
  dependencies:
    tslib "^2.4.0"

asynckit@^0.4.0:
  version "0.4.0"
  resolved "https://registry.yarnpkg.com/asynckit/-/asynckit-0.4.0.tgz#c79ed97f7f34cb8f2ba1bc9790bcc366474b4b79"
  integrity sha512-Oei9OH4tRh0YqU3GxhX79dM/mwVgvbZJaSNaRk+bshkj0S5cfHcgYakreBjrHwatXKbz+IoIdYLxrKim2MjW0Q==

atomic-sleep@^1.0.0:
  version "1.0.0"
  resolved "https://registry.yarnpkg.com/atomic-sleep/-/atomic-sleep-1.0.0.tgz#eb85b77a601fc932cfe432c5acd364a9e2c9075b"
  integrity sha512-kNOjDqAh7px0XWNI+4QbzoiR/nTkHAWNud2uvnJquD1/x5a7EQZMJT0AczqK0Qn67oY/TTQ1LbUKajZpp3I9tQ==

axios@^1.7.9:
  version "1.16.1"
  resolved "https://registry.yarnpkg.com/axios/-/axios-1.16.1.tgz#517e29291d19d6e8cf919ff264f4fe157261ba12"
  integrity sha512-caYkukvroVPO8KrzuJEb50Hm07KwfBZPEC3VeFHTsqWHvKTsy54hjJz9BS/cdaypROE2rH6xvm9mHX4fgWkr3A==
  dependencies:
    follow-redirects "^1.16.0"
    form-data "^4.0.5"
    https-proxy-agent "^5.0.1"
    proxy-from-env "^2.1.0"

cacheable@^2.3.1:
  version "2.3.5"
  resolved "https://registry.yarnpkg.com/cacheable/-/cacheable-2.3.5.tgz#dc0c2a2713eef5c82f048237c5b267e25d78eaac"
  integrity sha512-EQfaKe09tl615iNvq/TBRWTFf1AKJNXYQSsMx0Z3EI0nA+pVsVPS8wJhnRlkbdacKPh1d0qVIhwTc2zsQNFEEg==
  dependencies:
    "@cacheable/memory" "^2.0.8"
    "@cacheable/utils" "^2.4.1"
    hookified "^1.15.0"
    keyv "^5.6.0"
    qified "^0.10.1"

call-bind-apply-helpers@^1.0.1, call-bind-apply-helpers@^1.0.2:
  version "1.0.2"
  resolved "https://registry.yarnpkg.com/call-bind-apply-helpers/-/call-bind-apply-helpers-1.0.2.tgz#4b5428c222be985d79c3d82657479dbe0b59b2d6"
  integrity sha512-Sp1ablJ0ivDkSzjcaJdxEunN5/XvksFJ2sMBFfq6x0ryhQV/2b/KwFe21cMpmHtPOSij8K99/wSfoEuTObmuMQ==
  dependencies:
    es-errors "^1.3.0"
    function-bind "^1.1.2"

combined-stream@^1.0.8:
  version "1.0.8"
  resolved "https://registry.yarnpkg.com/combined-stream/-/combined-stream-1.0.8.tgz#c3d45a8b34fd730631a110a8a2520682b31d5a7f"
  integrity sha512-FQN4MRfuJeHf7cBbBMJFXhKSDq+2kAArBlmRBvcvFE5BB1HZKXtSFASDhdlz9zOYwxh8lDdnvmMOe/+5cdoEdg==
  dependencies:
    delayed-stream "~1.0.0"

content-type@^1.0.5:
  version "1.0.5"
  resolved "https://registry.yarnpkg.com/content-type/-/content-type-1.0.5.tgz#8b773162656d1d1086784c8f23a54ce6d73d7918"
  integrity sha512-nTjqfcBFEipKdXCv4YDQWCfmcLZKm81ldF0pAopTvyrFGVbcR6P/VAAd5G7N+0tTr8QqiU0tFadD6FK4NtJwOA==

curve25519-js@^0.0.4:
  version "0.0.4"
  resolved "https://registry.yarnpkg.com/curve25519-js/-/curve25519-js-0.0.4.tgz#e6ad967e8cd284590d657bbfc90d8b50e49ba060"
  integrity sha512-axn2UMEnkhyDUPWOwVKBMVIzSQy2ejH2xRGy1wq81dqRwApXfIzfbE3hIX0ZRFBIihf/KDqK158DLwESu4AK1w==

debug@4, debug@^4.4.3:
  version "4.4.3"
  resolved "https://registry.yarnpkg.com/debug/-/debug-4.4.3.tgz#c6ae432d9bd9662582fce08709b038c58e9e3d6a"
  integrity sha512-RGwwWnwQvkVfavKVt22FGLw+xYSdzARwm0ru6DhTVA3umU5hZc28V3kO4stgYryrTlLpuvgI9GiijltAjNbcqA==
  dependencies:
    ms "^2.1.3"

delayed-stream@~1.0.0:
  version "1.0.0"
  resolved "https://registry.yarnpkg.com/delayed-stream/-/delayed-stream-1.0.0.tgz#df3ae199acadfb7d440aaae0b29e2272b24ec619"
  integrity sha512-ZySD7Nf91aLB0RxL4KGrKHBXl7Eds1DAmEdcoVawXnLD7SDhpNgtuII2aAkg7a7QS41jxPSZ17p4VdGnMHk3MQ==

dotenv@^16.4.7:
  version "16.6.1"
  resolved "https://registry.yarnpkg.com/dotenv/-/dotenv-16.6.1.tgz#773f0e69527a8315c7285d5ee73c4459d20a8020"
  integrity sha512-uBq4egWHTcTt33a72vpSG0z3HnPuIl6NqYcTrKEg2azoEyl2hpW0zqlxysq2pK9HlDIHyHyakeYaYnSAwd8bow==

dunder-proto@^1.0.1:
  version "1.0.1"
  resolved "https://registry.yarnpkg.com/dunder-proto/-/dunder-proto-1.0.1.tgz#d7ae667e1dc83482f8b70fd0f6eefc50da30f58a"
  integrity sha512-KIN/nDJBQRcXw0MLVhZE9iQHmG68qAVIBg9CqmUYjmQIhgij9U5MFvrqkUL5FbtyyzZuOeOt0zdeRe4UY7ct+A==
  dependencies:
    call-bind-apply-helpers "^1.0.1"
    es-errors "^1.3.0"
    gopd "^1.2.0"

es-define-property@^1.0.1:
  version "1.0.1"
  resolved "https://registry.yarnpkg.com/es-define-property/-/es-define-property-1.0.1.tgz#983eb2f9a6724e9303f61addf011c72e09e0b0fa"
  integrity sha512-e3nRfgfUZ4rNGL232gUgX06QNyyez04KdjFrF+LTRoOXmrOgFKDg4BCdsjW8EnT69eqdYGmRpJwiPVYNrCaW3g==

es-errors@^1.3.0:
  version "1.3.0"
  resolved "https://registry.yarnpkg.com/es-errors/-/es-errors-1.3.0.tgz#05f75a25dab98e4fb1dcd5e1472c0546d5057c8f"
  integrity sha512-Zf5H2Kxt2xjTvbJvP2ZWLEICxA6j+hAmMzIlypy4xcBg1vKVnx89Wy0GbS+kf5cwCVFFzdCFh2XSCFNULS6csw==

es-object-atoms@^1.0.0, es-object-atoms@^1.1.1:
  version "1.1.2"
  resolved "https://registry.yarnpkg.com/es-object-atoms/-/es-object-atoms-1.1.2.tgz#a2d0b373205724dfa525d23b0c3e1b1ca582c99b"
  integrity sha512-HWcBoN6NileqtSydK2FqHbS/LoDd2pqrnQHLyJzBj4kOp/ky2MWMN694xOfkK8/SnUsW2DH7EfyVlydKCsm1Zw==
  dependencies:
    es-errors "^1.3.0"

es-set-tostringtag@^2.1.0:
  version "2.1.0"
  resolved "https://registry.yarnpkg.com/es-set-tostringtag/-/es-set-tostringtag-2.1.0.tgz#f31dbbe0c183b00a6d26eb6325c810c0fd18bd4d"
  integrity sha512-j6vWzfrGVfyXxge+O0x5sh6cvxAog0a/4Rdd2K36zCMV5eJ+/+tOAngRO8cODMNWbVRdVlmGZQL2YS3yR8bIUA==
  dependencies:
    es-errors "^1.3.0"
    get-intrinsic "^1.2.6"
    has-tostringtag "^1.0.2"
    hasown "^2.0.2"

esbuild@~0.28.0:
  version "0.28.0"
  resolved "https://registry.yarnpkg.com/esbuild/-/esbuild-0.28.0.tgz#5dee347ffb3e3874212a35a69836b077b1ce6d96"
  integrity sha512-sNR9MHpXSUV/XB4zmsFKN+QgVG82Cc7+/aaxJ8Adi8hyOac+EXptIp45QBPaVyX3N70664wRbTcLTOemCAnyqw==
  optionalDependencies:
    "@esbuild/aix-ppc64" "0.28.0"
    "@esbuild/android-arm" "0.28.0"
    "@esbuild/android-arm64" "0.28.0"
    "@esbuild/android-x64" "0.28.0"
    "@esbuild/darwin-arm64" "0.28.0"
    "@esbuild/darwin-x64" "0.28.0"
    "@esbuild/freebsd-arm64" "0.28.0"
    "@esbuild/freebsd-x64" "0.28.0"
    "@esbuild/linux-arm" "0.28.0"
    "@esbuild/linux-arm64" "0.28.0"
    "@esbuild/linux-ia32" "0.28.0"
    "@esbuild/linux-loong64" "0.28.0"
    "@esbuild/linux-mips64el" "0.28.0"
    "@esbuild/linux-ppc64" "0.28.0"
    "@esbuild/linux-riscv64" "0.28.0"
    "@esbuild/linux-s390x" "0.28.0"
    "@esbuild/linux-x64" "0.28.0"
    "@esbuild/netbsd-arm64" "0.28.0"
    "@esbuild/netbsd-x64" "0.28.0"
    "@esbuild/openbsd-arm64" "0.28.0"
    "@esbuild/openbsd-x64" "0.28.0"
    "@esbuild/openharmony-arm64" "0.28.0"
    "@esbuild/sunos-x64" "0.28.0"
    "@esbuild/win32-arm64" "0.28.0"
    "@esbuild/win32-ia32" "0.28.0"
    "@esbuild/win32-x64" "0.28.0"

eventemitter3@^5.0.4:
  version "5.0.4"
  resolved "https://registry.yarnpkg.com/eventemitter3/-/eventemitter3-5.0.4.tgz#a86d66170433712dde814707ac52b5271ceb1feb"
  integrity sha512-mlsTRyGaPBjPedk6Bvw+aqbsXDtoAyAzm5MO7JgU+yVRyMQ5O8bD4Kcci7BS85f93veegeCPkL8R4GLClnjLFw==

file-type@^21.3.1:
  version "21.3.4"
  resolved "https://registry.yarnpkg.com/file-type/-/file-type-21.3.4.tgz#e3f902faee8ec4aa152909fc902a7a77f9c06725"
  integrity sha512-Ievi/yy8DS3ygGvT47PjSfdFoX+2isQueoYP1cntFW1JLYAuS4GD7NUPGg4zv2iZfV52uDyk5w5Z0TdpRS6Q1g==
  dependencies:
    "@tokenizer/inflate" "^0.4.1"
    strtok3 "^10.3.4"
    token-types "^6.1.1"
    uint8array-extras "^1.4.0"

follow-redirects@^1.16.0:
  version "1.16.0"
  resolved "https://registry.yarnpkg.com/follow-redirects/-/follow-redirects-1.16.0.tgz#28474a159d3b9d11ef62050a14ed60e4df6d61bc"
  integrity sha512-y5rN/uOsadFT/JfYwhxRS5R7Qce+g3zG97+JrtFZlC9klX/W5hD7iiLzScI4nZqUS7DNUdhPgw4xI8W2LuXlUw==

form-data@^4.0.5:
  version "4.0.5"
  resolved "https://registry.yarnpkg.com/form-data/-/form-data-4.0.5.tgz#b49e48858045ff4cbf6b03e1805cebcad3679053"
  integrity sha512-8RipRLol37bNs2bhoV67fiTEvdTrbMUYcFTiy3+wuuOnUog2QBHCZWXDRijWQfAkhBj2Uf5UnVaiWwA5vdd82w==
  dependencies:
    asynckit "^0.4.0"
    combined-stream "^1.0.8"
    es-set-tostringtag "^2.1.0"
    hasown "^2.0.2"
    mime-types "^2.1.12"

fsevents@~2.3.3:
  version "2.3.3"
  resolved "https://registry.yarnpkg.com/fsevents/-/fsevents-2.3.3.tgz#cac6407785d03675a2a5e1a5305c697b347d90d6"
  integrity sha512-5xoDfX+fL7faATnagmWPpbFtwh/R77WmMMqqHGS65C3vvB0YHrgF+B1YmZ3441tMj5n63k0212XNoJwzlhffQw==

function-bind@^1.1.2:
  version "1.1.2"
  resolved "https://registry.yarnpkg.com/function-bind/-/function-bind-1.1.2.tgz#2c02d864d97f3ea6c8830c464cbd11ab6eab7a1c"
  integrity sha512-7XHNxH7qX9xG5mIwxkhumTox/MIRNcOgDrxWsMt2pAr23WHp6MrRlN7FBSFpCpr+oVO0F744iUgR82nJMfG2SA==

get-intrinsic@^1.2.6:
  version "1.3.0"
  resolved "https://registry.yarnpkg.com/get-intrinsic/-/get-intrinsic-1.3.0.tgz#743f0e3b6964a93a5491ed1bffaae054d7f98d01"
  integrity sha512-9fSjSaos/fRIVIp+xSJlE6lfwhES7LNtKaCBIamHsjr2na1BiABJPo0mOjjz8GJDURarmCPGqaiVg5mfjb98CQ==
  dependencies:
    call-bind-apply-helpers "^1.0.2"
    es-define-property "^1.0.1"
    es-errors "^1.3.0"
    es-object-atoms "^1.1.1"
    function-bind "^1.1.2"
    get-proto "^1.0.1"
    gopd "^1.2.0"
    has-symbols "^1.1.0"
    hasown "^2.0.2"
    math-intrinsics "^1.1.0"

get-proto@^1.0.1:
  version "1.0.1"
  resolved "https://registry.yarnpkg.com/get-proto/-/get-proto-1.0.1.tgz#150b3f2743869ef3e851ec0c49d15b1d14d00ee1"
  integrity sha512-sTSfBjoXBp89JvIKIefqw7U2CCebsc74kiY6awiGogKtoSGbgjYE/G/+l9sF3MWFPNc9IcoOC4ODfKHfxFmp0g==
  dependencies:
    dunder-proto "^1.0.1"
    es-object-atoms "^1.0.0"

gopd@^1.2.0:
  version "1.2.0"
  resolved "https://registry.yarnpkg.com/gopd/-/gopd-1.2.0.tgz#89f56b8217bdbc8802bd299df6d7f1081d7e51a1"
  integrity sha512-ZUKRh6/kUFoAiTAtTYPZJ3hw9wNxx+BIBOijnlG9PnrJsCcSjs1wyyD6vJpaYtgnzDrKYRSqf3OO6Rfa93xsRg==

has-symbols@^1.0.3, has-symbols@^1.1.0:
  version "1.1.0"
  resolved "https://registry.yarnpkg.com/has-symbols/-/has-symbols-1.1.0.tgz#fc9c6a783a084951d0b971fe1018de813707a338"
  integrity sha512-1cDNdwJ2Jaohmb3sg4OmKaMBwuC48sYni5HUw2DvsC8LjGTLK9h+eb1X6RyuOHe4hT0ULCW68iomhjUoKUqlPQ==

has-tostringtag@^1.0.2:
  version "1.0.2"
  resolved "https://registry.yarnpkg.com/has-tostringtag/-/has-tostringtag-1.0.2.tgz#2cdc42d40bef2e5b4eeab7c01a73c54ce7ab5abc"
  integrity sha512-NqADB8VjPFLM2V0VvHUewwwsw0ZWBaIdgo+ieHtK3hasLz4qeCRjYcqfB6AQrBggRKppKF8L52/VqdVsO47Dlw==
  dependencies:
    has-symbols "^1.0.3"

hashery@^1.4.0, hashery@^1.5.1:
  version "1.5.1"
  resolved "https://registry.yarnpkg.com/hashery/-/hashery-1.5.1.tgz#4ba82ad54911ac617467870845d57a9fe508a400"
  integrity sha512-iZyKG96/JwPz1N55vj2Ie2vXbhu440zfUfJvSwEqEbeLluk7NnapfGqa7LH0mOsnDxTF85Mx8/dyR6HfqcbmbQ==
  dependencies:
    hookified "^1.15.0"

hasown@^2.0.2:
  version "2.0.4"
  resolved "https://registry.yarnpkg.com/hasown/-/hasown-2.0.4.tgz#8c62d8cb90beb2aad5d0a5b67581ad9854c3f003"
  integrity sha512-T2UbfbBEF32wiepXIsMlTW9+dDYC6wMh/t/vYA4tuOMKqWz/n3vr1NFSxQiyP+zk2mXsoMA/i/7qV6LKut1t1A==
  dependencies:
    function-bind "^1.1.2"

hookified@^1.14.0, hookified@^1.15.0, hookified@^1.15.1:
  version "1.15.1"
  resolved "https://registry.yarnpkg.com/hookified/-/hookified-1.15.1.tgz#b1fafeaa5489cdc29cb85546a8f837ed4ffbbcb6"
  integrity sha512-MvG/clsADq1GPM2KGo2nyfaWVyn9naPiXrqIe4jYjXNZQt238kWyOGrsyc/DmRAQ+Re6yeo6yX/yoNCG5KAEVg==

hookified@^2.1.1:
  version "2.2.0"
  resolved "https://registry.yarnpkg.com/hookified/-/hookified-2.2.0.tgz#1d024ac1668973dd5bcc4a96ab9ccdb7639ef8d4"
  integrity sha512-p/LgFzRN5FeoD3DLS6bkUapeye6E4SI6yJs6KetENd18S+FBthqYq2amJUWpt5z0EQwwHemidjY5OqJGEKm5uA==

https-proxy-agent@^5.0.1:
  version "5.0.1"
  resolved "https://registry.yarnpkg.com/https-proxy-agent/-/https-proxy-agent-5.0.1.tgz#c59ef224a04fe8b754f3db0063a25ea30d0005d6"
  integrity sha512-dFcAjpTQFgoLMzC2VwU+C/CbS7uRL0lWmxDITmqm7C+7F0Odmj6s9l6alZc6AELXhrnggM2CeWSXHGOdX2YtwA==
  dependencies:
    agent-base "6"
    debug "4"

ieee754@^1.2.1:
  version "1.2.1"
  resolved "https://registry.yarnpkg.com/ieee754/-/ieee754-1.2.1.tgz#8eb7a10a63fff25d15a57b001586d177d1b0d352"
  integrity sha512-dcyqhDvX1C46lXZcVqCpK+FtMRQVdIMN6/Df5js2zouUsqG7I6sFxitIC+7KYK29KdXOLHdu9zL4sFnoVQnqaA==

keyv@^5.5.5, keyv@^5.6.0:
  version "5.6.0"
  resolved "https://registry.yarnpkg.com/keyv/-/keyv-5.6.0.tgz#03044074c6b4d072d0a62c7b9fa649537baf0105"
  integrity sha512-CYDD3SOtsHtyXeEORYRx2qBtpDJFjRTGXUtmNEMGyzYOKj1TE3tycdlho7kA1Ufx9OYWZzg52QFBGALTirzDSw==
  dependencies:
    "@keyv/serialize" "^1.1.1"

libsignal@^6.0.0:
  version "6.0.0"
  resolved "https://registry.yarnpkg.com/libsignal/-/libsignal-6.0.0.tgz#b2cbd46f795b1723168db95a07cbdff813a2f76f"
  integrity sha512-d/5V3YFtDljbFMufz4ncyUYGYhJl+vzAe+c2EFFBQ6bz1h8Q3IOMEGXYMzlibU60I+e8GagMMpji18iez3P1hA==
  dependencies:
    curve25519-js "^0.0.4"
    protobufjs "^7.5.5"

long@^5.3.2:
  version "5.3.2"
  resolved "https://registry.yarnpkg.com/long/-/long-5.3.2.tgz#1d84463095999262d7d7b7f8bfd4a8cc55167f83"
  integrity sha512-mNAgZ1GmyNhD7AuqnTG3/VQ26o760+ZYBPKjPvugO8+nLbYfX6TVpJPseBvopbdY+qpZ/lKUnmEc1LeZYS3QAA==

lru-cache@^11.1.0:
  version "11.5.1"
  resolved "https://registry.yarnpkg.com/lru-cache/-/lru-cache-11.5.1.tgz#f3daa3540847b9737ebc02499ddb36765e54db4a"
  integrity sha512-RPimw/7aMdv2oqRrxKwvZXcPfwBrn/JZ2xYcY9Hus/6LaS3VOAKVWKWgNLCFSiOm1ESXinjsDlidVU7JlnCN2A==

math-intrinsics@^1.1.0:
  version "1.1.0"
  resolved "https://registry.yarnpkg.com/math-intrinsics/-/math-intrinsics-1.1.0.tgz#a0dd74be81e2aa5c2f27e65ce283605ee4e2b7f9"
  integrity sha512-/IXtbwEk5HTPyEwyKX6hGkYXxM9nbj64B+ilVJnC/R6B0pH5G4V3b0pVbL7DBj4tkhBAppbQUlf6F6Xl9LHu1g==

media-typer@^1.1.0:
  version "1.1.0"
  resolved "https://registry.yarnpkg.com/media-typer/-/media-typer-1.1.0.tgz#6ab74b8f2d3320f2064b2a87a38e7931ff3a5561"
  integrity sha512-aisnrDP4GNe06UcKFnV5bfMNPBUw4jsLGaWwWfnH3v02GnBuXX2MCVn5RbrWo0j3pczUilYblq7fQ7Nw2t5XKw==

mime-db@1.52.0:
  version "1.52.0"
  resolved "https://registry.yarnpkg.com/mime-db/-/mime-db-1.52.0.tgz#bbabcdc02859f4987301c856e3387ce5ec43bf70"
  integrity sha512-sPU4uV7dYlvtWJxwwxHD0PuihVNiE7TyAbQ5SWxDCB9mUYvOgroQOwYQQOKPJ8CIbE+1ETVlOoK1UC2nU3gYvg==

mime-types@^2.1.12:
  version "2.1.35"
  resolved "https://registry.yarnpkg.com/mime-types/-/mime-types-2.1.35.tgz#381a871b62a734450660ae3deee44813f70d959a"
  integrity sha512-ZDY+bPm5zTTF+YpCrAU9nK0UgICYPT0QtT1NZWFv4s++TNkcgVaT0g6+4R2uI4MjQjzysHB1zxuWL50hzaeXiw==
  dependencies:
    mime-db "1.52.0"

ms@^2.1.3:
  version "2.1.3"
  resolved "https://registry.yarnpkg.com/ms/-/ms-2.1.3.tgz#574c8138ce1d2b5861f0b44579dbadd60c6615b2"
  integrity sha512-6FlzubTLZG3J2a/NVCAleEhjzq5oxgHyaCU9yYXvcLsvoVaHJq/s5xXI6/XXP6tz7R9xAOtHnSO/tXtF3WRTlA==

music-metadata@^11.12.3:
  version "11.12.3"
  resolved "https://registry.yarnpkg.com/music-metadata/-/music-metadata-11.12.3.tgz#651c11965233ab8391495f332109355c29864a82"
  integrity sha512-n6hSTZkuD59qWgHh6IP5dtDlDZQXoxk/bcA85Jywg8Z1iFrlNgl2+GTFgjZyn52W5UgQpV42V4XqrQZZAMbZTQ==
  dependencies:
    "@borewit/text-codec" "^0.2.2"
    "@tokenizer/token" "^0.3.0"
    content-type "^1.0.5"
    debug "^4.4.3"
    file-type "^21.3.1"
    media-typer "^1.1.0"
    strtok3 "^10.3.4"
    token-types "^6.1.2"
    uint8array-extras "^1.5.0"
    win-guid "^0.2.1"

on-exit-leak-free@^2.1.0:
  version "2.1.2"
  resolved "https://registry.yarnpkg.com/on-exit-leak-free/-/on-exit-leak-free-2.1.2.tgz#fed195c9ebddb7d9e4c3842f93f281ac8dadd3b8"
  integrity sha512-0eJJY6hXLGf1udHwfNftBqH+g73EU4B504nZeKpz1sYRKafAghwxEJunB2O7rDZkL4PGfsMVnTXZ2EjibbqcsA==

p-queue@^9.0.0:
  version "9.3.0"
  resolved "https://registry.yarnpkg.com/p-queue/-/p-queue-9.3.0.tgz#f2bbe6b38f1fa38dd4c8cedaa444b6249cf258e2"
  integrity sha512-7NED7xhQ74Ngp4JP/2e0VZHp7vSWfJfqeiR92jPgxsz6m0Se4P03YoTKa9dDXyZ3r6P616gUXttrB6nnHYKang==
  dependencies:
    eventemitter3 "^5.0.4"
    p-timeout "^7.0.0"

p-timeout@^7.0.0:
  version "7.0.1"
  resolved "https://registry.yarnpkg.com/p-timeout/-/p-timeout-7.0.1.tgz#95680a6aa693c530f14ac337b8bd32d4ec6ae4f0"
  integrity sha512-AxTM2wDGORHGEkPCt8yqxOTMgpfbEHqF51f/5fJCmwFC3C/zNcGT63SymH2ttOAaiIws2zVg4+izQCjrakcwHg==

pino-abstract-transport@^2.0.0:
  version "2.0.0"
  resolved "https://registry.yarnpkg.com/pino-abstract-transport/-/pino-abstract-transport-2.0.0.tgz#de241578406ac7b8a33ce0d77ae6e8a0b3b68a60"
  integrity sha512-F63x5tizV6WCh4R6RHyi2Ml+M70DNRXt/+HANowMflpgGFMAym/VKm6G7ZOQRjqN7XbGxK1Lg9t6ZrtzOaivMw==
  dependencies:
    split2 "^4.0.0"

pino-std-serializers@^7.0.0:
  version "7.1.0"
  resolved "https://registry.yarnpkg.com/pino-std-serializers/-/pino-std-serializers-7.1.0.tgz#a7b0cd65225f29e92540e7853bd73b07479893fc"
  integrity sha512-BndPH67/JxGExRgiX1dX0w1FvZck5Wa4aal9198SrRhZjH3GxKQUKIBnYJTdj2HDN3UQAS06HlfcSbQj2OHmaw==

pino@^9.6, pino@^9.6.0:
  version "9.14.0"
  resolved "https://registry.yarnpkg.com/pino/-/pino-9.14.0.tgz#673d9711c2d1e64d18670c1ec05ef7ba14562556"
  integrity sha512-8OEwKp5juEvb/MjpIc4hjqfgCNysrS94RIOMXYvpYCdm/jglrKEiAYmiumbmGhCvs+IcInsphYDFwqrjr7398w==
  dependencies:
    "@pinojs/redact" "^0.4.0"
    atomic-sleep "^1.0.0"
    on-exit-leak-free "^2.1.0"
    pino-abstract-transport "^2.0.0"
    pino-std-serializers "^7.0.0"
    process-warning "^5.0.0"
    quick-format-unescaped "^4.0.3"
    real-require "^0.2.0"
    safe-stable-stringify "^2.3.1"
    sonic-boom "^4.0.1"
    thread-stream "^3.0.0"

process-warning@^5.0.0:
  version "5.0.0"
  resolved "https://registry.yarnpkg.com/process-warning/-/process-warning-5.0.0.tgz#566e0bf79d1dff30a72d8bbbe9e8ecefe8d378d7"
  integrity sha512-a39t9ApHNx2L4+HBnQKqxxHNs1r7KF+Intd8Q/g1bUh6q0WIp9voPXJ/x0j+ZL45KF1pJd9+q2jLIRMfvEshkA==

protobufjs@^7.5.5, protobufjs@^7.5.6:
  version "7.6.1"
  resolved "https://registry.yarnpkg.com/protobufjs/-/protobufjs-7.6.1.tgz#6320bb08c3be7dcfc6f9193ee03d3a4643f1eb37"
  integrity sha512-4K0myLaWL5EteuSAro91EGFgcfVgxb64Jx+7oDAY6GOkXD4M69yuSEljNcInGVCA5sOPxmZ/EqDLj2x0Q0+Ygg==
  dependencies:
    "@protobufjs/aspromise" "^1.1.2"
    "@protobufjs/base64" "^1.1.2"
    "@protobufjs/codegen" "^2.0.5"
    "@protobufjs/eventemitter" "^1.1.1"
    "@protobufjs/fetch" "^1.1.1"
    "@protobufjs/float" "^1.0.2"
    "@protobufjs/inquire" "^1.1.2"
    "@protobufjs/path" "^1.1.2"
    "@protobufjs/pool" "^1.1.0"
    "@protobufjs/utf8" "^1.1.1"
    "@types/node" ">=13.7.0"
    long "^5.3.2"

proxy-from-env@^2.1.0:
  version "2.1.0"
  resolved "https://registry.yarnpkg.com/proxy-from-env/-/proxy-from-env-2.1.0.tgz#a7487568adad577cfaaa7e88c49cab3ab3081aba"
  integrity sha512-cJ+oHTW1VAEa8cJslgmUZrc+sjRKgAKl3Zyse6+PV38hZe/V6Z14TbCuXcan9F9ghlz4QrFr2c92TNF82UkYHA==

qified@^0.10.1:
  version "0.10.1"
  resolved "https://registry.yarnpkg.com/qified/-/qified-0.10.1.tgz#0640bf21bbe6ca540db290ad8f5fde4d870b8bda"
  integrity sha512-+Owyggi9IxT1ePKGafcI87ubSmxol6smwJ+RAHDQlx9+9cPwFWDiKFFCPuWhr9ignlGpZ9vDQLw67N4dcTVFEA==
  dependencies:
    hookified "^2.1.1"

qrcode-terminal@^0.12.0:
  version "0.12.0"
  resolved "https://registry.yarnpkg.com/qrcode-terminal/-/qrcode-terminal-0.12.0.tgz#bb5b699ef7f9f0505092a3748be4464fe71b5819"
  integrity sha512-EXtzRZmC+YGmGlDFbXKxQiMZNwCLEO6BANKXG4iCtSIM0yqc/pappSx3RIKr4r0uh5JsBckOXeKrB3Iz7mdQpQ==

quick-format-unescaped@^4.0.3:
  version "4.0.4"
  resolved "https://registry.yarnpkg.com/quick-format-unescaped/-/quick-format-unescaped-4.0.4.tgz#93ef6dd8d3453cbc7970dd614fad4c5954d6b5a7"
  integrity sha512-tYC1Q1hgyRuHgloV/YXs2w15unPVh8qfu/qCTfhTYamaw7fyhumKa2yGpdSo87vY32rIclj+4fWYQXUMs9EHvg==

real-require@^0.2.0:
  version "0.2.0"
  resolved "https://registry.yarnpkg.com/real-require/-/real-require-0.2.0.tgz#209632dea1810be2ae063a6ac084fee7e33fba78"
  integrity sha512-57frrGM/OCTLqLOAh0mhVA9VBMHd+9U7Zb2THMGdBUoZVOtGbJzjxsYGDJ3A9AYYCP4hn6y1TVbaOfzWtm5GFg==

safe-stable-stringify@^2.3.1:
  version "2.5.0"
  resolved "https://registry.yarnpkg.com/safe-stable-stringify/-/safe-stable-stringify-2.5.0.tgz#4ca2f8e385f2831c432a719b108a3bf7af42a1dd"
  integrity sha512-b3rppTKm9T+PsVCBEOUR46GWI7fdOs00VKZ1+9c1EWDaDMvjQc6tUwuFyIprgGgTcWoVHSKrU8H31ZHA2e0RHA==

sonic-boom@^4.0.1:
  version "4.2.1"
  resolved "https://registry.yarnpkg.com/sonic-boom/-/sonic-boom-4.2.1.tgz#28598250df4899c0ac572d7e2f0460690ba6a030"
  integrity sha512-w6AxtubXa2wTXAUsZMMWERrsIRAdrK0Sc+FUytWvYAhBJLyuI4llrMIC1DtlNSdI99EI86KZum2MMq3EAZlF9Q==
  dependencies:
    atomic-sleep "^1.0.0"

split2@^4.0.0:
  version "4.2.0"
  resolved "https://registry.yarnpkg.com/split2/-/split2-4.2.0.tgz#c9c5920904d148bab0b9f67145f245a86aadbfa4"
  integrity sha512-UcjcJOWknrNkF6PLX83qcHM6KHgVKNkV62Y8a5uYDVv9ydGQVwAHMKqHdJje1VTWpljG0WYpCDhrCdAOYH4TWg==

strtok3@^10.3.4:
  version "10.3.5"
  resolved "https://registry.yarnpkg.com/strtok3/-/strtok3-10.3.5.tgz#7213285da0dc3dec0fc8ce5df4b8b7a733f14360"
  integrity sha512-ki4hZQfh5rX0QDLLkOCj+h+CVNkqmp/CMf8v8kZpkNVK6jGQooMytqzLZYUVYIZcFZ6yDB70EfD8POcFXiF5oA==
  dependencies:
    "@tokenizer/token" "^0.3.0"

thread-stream@^3.0.0:
  version "3.1.0"
  resolved "https://registry.yarnpkg.com/thread-stream/-/thread-stream-3.1.0.tgz#4b2ef252a7c215064507d4ef70c05a5e2d34c4f1"
  integrity sha512-OqyPZ9u96VohAyMfJykzmivOrY2wfMSf3C5TtFJVgN+Hm6aj+voFhlK+kZEIv2FBh1X6Xp3DlnCOfEQ3B2J86A==
  dependencies:
    real-require "^0.2.0"

token-types@^6.1.1, token-types@^6.1.2:
  version "6.1.2"
  resolved "https://registry.yarnpkg.com/token-types/-/token-types-6.1.2.tgz#18d0fd59b996d421f9f83914d6101c201bd08129"
  integrity sha512-dRXchy+C0IgK8WPC6xvCHFRIWYUbqqdEIKPaKo/AcTUNzwLTK6AH7RjdLWsEZcAN/TBdtfUw3PYEgPr5VPr6ww==
  dependencies:
    "@borewit/text-codec" "^0.2.1"
    "@tokenizer/token" "^0.3.0"
    ieee754 "^1.2.1"

tslib@^2.4.0:
  version "2.8.1"
  resolved "https://registry.yarnpkg.com/tslib/-/tslib-2.8.1.tgz#612efe4ed235d567e8aba5f2a5fab70280ade83f"
  integrity sha512-oJFu94HQb+KVduSUQL7wnpmqnfmLsOA/nAh6b6EH0wCEoK0/mPeXU6c3wKDV83MkOuHPRHtSXKKU99IBazS/2w==

tsx@^4.19.2:
  version "4.22.3"
  resolved "https://registry.yarnpkg.com/tsx/-/tsx-4.22.3.tgz#7ca7cb34028e3e247f1fad300c157e42a90a1f50"
  integrity sha512-mdoNxBC/cSQObGGVQ5Bpn5i+yv7j68gk3Nfm3wFjcJg3Z0Mix9jzAFfP12prmm5eVGmDKtp0yyArrs0Q+8gZHg==
  dependencies:
    esbuild "~0.28.0"
  optionalDependencies:
    fsevents "~2.3.3"

typescript@^5.7.2:
  version "5.9.3"
  resolved "https://registry.yarnpkg.com/typescript/-/typescript-5.9.3.tgz#5b4f59e15310ab17a216f5d6cf53ee476ede670f"
  integrity sha512-jl1vZzPDinLr9eUt3J/t7V6FgNEw9QjvBPdysz9KfQDD41fQrC2Y4vKQdiaUpFT4bXlb1RHhLpp8wtm6M5TgSw==

uint8array-extras@^1.4.0, uint8array-extras@^1.5.0:
  version "1.5.0"
  resolved "https://registry.yarnpkg.com/uint8array-extras/-/uint8array-extras-1.5.0.tgz#10d2a85213de3ada304fea1c454f635c73839e86"
  integrity sha512-rvKSBiC5zqCCiDZ9kAOszZcDvdAHwwIKJG33Ykj43OKcWsnmcBRL09YTU4nOeHZ8Y2a7l1MgTd08SBe9A8Qj6A==

"undici-types@>=7.24.0 <7.24.7":
  version "7.24.6"
  resolved "https://registry.yarnpkg.com/undici-types/-/undici-types-7.24.6.tgz#61275b485d7fd4e9d269c7cf04ec2873c9cc0f91"
  integrity sha512-WRNW+sJgj5OBN4/0JpHFqtqzhpbnV0GuB+OozA9gCL7a993SmU+1JBZCzLNxYsbMfIeDL+lTsphD5jN5N+n0zg==

undici-types@~6.21.0:
  version "6.21.0"
  resolved "https://registry.yarnpkg.com/undici-types/-/undici-types-6.21.0.tgz#691d00af3909be93a7faa13be61b3a5b50ef12cb"
  integrity sha512-iwDZqg0QAGrg9Rav5H4n0M64c3mkR59cJ6wQp+7C4nI0gsmExaedaYLNO44eT4AtBBwjbTiGPMlt2Md0T9H9JQ==

whatsapp-rust-bridge@0.5.4:
  version "0.5.4"
  resolved "https://registry.yarnpkg.com/whatsapp-rust-bridge/-/whatsapp-rust-bridge-0.5.4.tgz#98a3313b4c231967cb411336e752d71cee4ed4a0"
  integrity sha512-yYO1qSs0Fe7tGtnxOFHomocUD6IZtoAgmA4oDFyGIRZ67D3QZk3w7swA6XXFXNQngiyrg2k7tul6IrM3eUFh7A==

win-guid@^0.2.1:
  version "0.2.1"
  resolved "https://registry.yarnpkg.com/win-guid/-/win-guid-0.2.1.tgz#576915ba5e10bf92ec6a32b71ab06b5f75403fc0"
  integrity sha512-gEIQU4mkgl2OPeoNrWflcJFJ3Ae2BPd4eCsHHA/XikslkIVms/nHhvnvzIZV7VLmBvtFlDOzLt9rrZT+n6D67A==

ws@^8.13.0:
  version "8.21.0"
  resolved "https://registry.yarnpkg.com/ws/-/ws-8.21.0.tgz#012e413fc07429945121b0c153158c4343086951"
  integrity sha512-Vsp28b7DRcimFQvrqu2Wek3z1iYxDCWqHYB8Qsnk/S4RfaCQzPGPyBNuVjJV3cd6UiKtUtp6sNM77gWvzcCH+g==
